
Microsoft Visual Studio Solution File, Format Version 12.00
Project("{2150E333-8FDC-42A3-9474-1A3956D46DE8}") = "Application", "Application", "{FA907DDB-0C9B-45AF-A9FD-A4616E54CD8B}"
EndProject
Project("{2150E333-8FDC-42A3-9474-1A3956D46DE8}") = "Presentation", "Presentation", "{0AAE099C-1434-428C-80B1-7002E46F9C3F}"
EndProject
Project("{2150E333-8FDC-42A3-9474-1A3956D46DE8}") = "Infrastructure", "Infrastructure", "{A56821B8-63FA-4494-BCF9-785BA9A8380E}"
EndProject
Project("{FAE04EC0-301F-11D3-BF4B-00C04F79EFBC}") = "DevMate.Application", "DevMate.Application\DevMate.Application.csproj", "{1F355F3A-AB4A-4458-A757-5C5E0E008623}"
EndProject
Project("{FAE04EC0-301F-11D3-BF4B-00C04F79EFBC}") = "DevMate.Application.Contracts", "DevMate.Application.Contracts\DevMate.Application.Contracts.csproj", "{5BBD0542-2956-4238-B3DF-FE716B0F37C7}"
EndProject
Project("{FAE04EC0-301F-11D3-BF4B-00C04F79EFBC}") = "DevMate.Application.Models", "DevMate.Application.Models\DevMate.Application.Models.csproj", "{D990A007-3BBA-4C0C-A967-BBB18FBD02F1}"
EndProject
Project("{FAE04EC0-301F-11D3-BF4B-00C04F79EFBC}") = "DevMate.Application.Abstractions", "DevMate.Application.Abstractions\DevMate.Application.Abstractions.csproj", "{62A12A64-3865-4808-A0F2-CFC3A9204CF8}"
EndProject
Project("{FAE04EC0-301F-11D3-BF4B-00C04F79EFBC}") = "DevMate.Presentation.API", "DevMate.Presentation.API\DevMate.Presentation.API.csproj", "{4A8F9A36-9856-4E11-93EA-D9EB4C631A33}"
EndProject
Project("{2150E333-8FDC-42A3-9474-1A3956D46DE8}") = "Solution Items", "Solution Items", "{24FF3EDA-EE36-4CDB-B9E2-C5ED7D816EA8}"
	ProjectSection(SolutionItems) = preProject
		docker-compose.yml = docker-compose.yml
		.editorconfig = .editorconfig
		.gitignore = .gitignore
	EndProjectSection
EndProject
Project("{FAE04EC0-301F-11D3-BF4B-00C04F79EFBC}") = "DevMate.Infrastructure.Integration.Telegram.User", "DevMate.Infrastructure.Integration.Telegram.User\DevMate.Infrastructure.Integration.Telegram.User.csproj", "{C7153983-B088-4BF8-A93B-D762181673D9}"
EndProject
Project("{FAE04EC0-301F-11D3-BF4B-00C04F79EFBC}") = "DevMate.Infrastructure.DataAccess.PostgreSql", "DevMate.Infrastructure.DataAccess.PostgreSql\DevMate.Infrastructure.DataAccess.PostgreSql.csproj", "{BD13716D-362A-4E8F-8C90-439B36FF27BA}"
EndProject
Project("{FAE04EC0-301F-11D3-BF4B-00C04F79EFBC}") = "DevMateBackend", "DevMateBackend\DevMateBackend.csproj", "{0C92F8B8-884B-4E61-BBAA-835AFFE57B9F}"
EndProject
Project("{FAE04EC0-301F-11D3-BF4B-00C04F79EFBC}") = "DevMate.Infrastructure.FileSystem", "DevMate.Infrastructure.FileSystem\DevMate.Infrastructure.FileSystem.csproj", "{8906248A-25E9-4381-96D4-15E94FD9C7F7}"
EndProject
Project("{2150E333-8FDC-42A3-9474-1A3956D46DE8}") = "Tests", "Tests", "{AE152472-ACB9-4223-BD2A-4972E6E8F346}"
EndProject
Project("{2150E333-8FDC-42A3-9474-1A3956D46DE8}") = "Infrastructure", "Infrastructure", "{8081BE7E-8780-4102-9FBD-C4D9441C4A9D}"
EndProject
Project("{FAE04EC0-301F-11D3-BF4B-00C04F79EFBC}") = "DevMate.Infrastructure.Integration.Telegram.Tests", "DevMate.Infrastructure.Integration.Telegram.Tests\DevMate.Infrastructure.Integration.Telegram.Tests.csproj", "{5D3A2EC9-CDB3-40A5-B814-22EE4F62D92B}"
EndProject
Project("{FAE04EC0-301F-11D3-BF4B-00C04F79EFBC}") = "DevMate.Infrastructure.Integration.Telegram.Bot", "DevMate.Infrastructure.Integration.Telegram.Bot\DevMate.Infrastructure.Integration.Telegram.Bot.csproj", "{D5088843-2B8E-400C-972B-68A2E47CC08C}"
EndProject
Global
	GlobalSection(SolutionConfigurationPlatforms) = preSolution
		Debug|Any CPU = Debug|Any CPU
		Release|Any CPU = Release|Any CPU
	EndGlobalSection
	GlobalSection(ProjectConfigurationPlatforms) = postSolution
		{1F355F3A-AB4A-4458-A757-5C5E0E008623}.Debug|Any CPU.ActiveCfg = Debug|Any CPU
		{1F355F3A-AB4A-4458-A757-5C5E0E008623}.Debug|Any CPU.Build.0 = Debug|Any CPU
		{1F355F3A-AB4A-4458-A757-5C5E0E008623}.Release|Any CPU.ActiveCfg = Release|Any CPU
		{1F355F3A-AB4A-4458-A757-5C5E0E008623}.Release|Any CPU.Build.0 = Release|Any CPU
		{5BBD0542-2956-4238-B3DF-FE716B0F37C7}.Debug|Any CPU.ActiveCfg = Debug|Any CPU
		{5BBD0542-2956-4238-B3DF-FE716B0F37C7}.Debug|Any CPU.Build.0 = Debug|Any CPU
		{5BBD0542-2956-4238-B3DF-FE716B0F37C7}.Release|Any CPU.ActiveCfg = Release|Any CPU
		{5BBD0542-2956-4238-B3DF-FE716B0F37C7}.Release|Any CPU.Build.0 = Release|Any CPU
		{D990A007-3BBA-4C0C-A967-BBB18FBD02F1}.Debug|Any CPU.ActiveCfg = Debug|Any CPU
		{D990A007-3BBA-4C0C-A967-BBB18FBD02F1}.Debug|Any CPU.Build.0 = Debug|Any CPU
		{D990A007-3BBA-4C0C-A967-BBB18FBD02F1}.Release|Any CPU.ActiveCfg = Release|Any CPU
		{D990A007-3BBA-4C0C-A967-BBB18FBD02F1}.Release|Any CPU.Build.0 = Release|Any CPU
		{62A12A64-3865-4808-A0F2-CFC3A9204CF8}.Debug|Any CPU.ActiveCfg = Debug|Any CPU
		{62A12A64-3865-4808-A0F2-CFC3A9204CF8}.Debug|Any CPU.Build.0 = Debug|Any CPU
		{62A12A64-3865-4808-A0F2-CFC3A9204CF8}.Release|Any CPU.ActiveCfg = Release|Any CPU
		{62A12A64-3865-4808-A0F2-CFC3A9204CF8}.Release|Any CPU.Build.0 = Release|Any CPU
		{4A8F9A36-9856-4E11-93EA-D9EB4C631A33}.Debug|Any CPU.ActiveCfg = Debug|Any CPU
		{4A8F9A36-9856-4E11-93EA-D9EB4C631A33}.Debug|Any CPU.Build.0 = Debug|Any CPU
		{4A8F9A36-9856-4E11-93EA-D9EB4C631A33}.Release|Any CPU.ActiveCfg = Release|Any CPU
		{4A8F9A36-9856-4E11-93EA-D9EB4C631A33}.Release|Any CPU.Build.0 = Release|Any CPU
		{C7153983-B088-4BF8-A93B-D762181673D9}.Debug|Any CPU.ActiveCfg = Debug|Any CPU
		{C7153983-B088-4BF8-A93B-D762181673D9}.Debug|Any CPU.Build.0 = Debug|Any CPU
		{C7153983-B088-4BF8-A93B-D762181673D9}.Release|Any CPU.ActiveCfg = Release|Any CPU
		{C7153983-B088-4BF8-A93B-D762181673D9}.Release|Any CPU.Build.0 = Release|Any CPU
		{BD13716D-362A-4E8F-8C90-439B36FF27BA}.Debug|Any CPU.ActiveCfg = Debug|Any CPU
		{BD13716D-362A-4E8F-8C90-439B36FF27BA}.Debug|Any CPU.Build.0 = Debug|Any CPU
		{BD13716D-362A-4E8F-8C90-439B36FF27BA}.Release|Any CPU.ActiveCfg = Release|Any CPU
		{BD13716D-362A-4E8F-8C90-439B36FF27BA}.Release|Any CPU.Build.0 = Release|Any CPU
		{0C92F8B8-884B-4E61-BBAA-835AFFE57B9F}.Debug|Any CPU.ActiveCfg = Debug|Any CPU
		{0C92F8B8-884B-4E61-BBAA-835AFFE57B9F}.Debug|Any CPU.Build.0 = Debug|Any CPU
		{0C92F8B8-884B-4E61-BBAA-835AFFE57B9F}.Release|Any CPU.ActiveCfg = Release|Any CPU
		{0C92F8B8-884B-4E61-BBAA-835AFFE57B9F}.Release|Any CPU.Build.0 = Release|Any CPU
		{8906248A-25E9-4381-96D4-15E94FD9C7F7}.Debug|Any CPU.ActiveCfg = Debug|Any CPU
		{8906248A-25E9-4381-96D4-15E94FD9C7F7}.Debug|Any CPU.Build.0 = Debug|Any CPU
		{8906248A-25E9-4381-96D4-15E94FD9C7F7}.Release|Any CPU.ActiveCfg = Release|Any CPU
		{8906248A-25E9-4381-96D4-15E94FD9C7F7}.Release|Any CPU.Build.0 = Release|Any CPU
		{5D3A2EC9-CDB3-40A5-B814-22EE4F62D92B}.Debug|Any CPU.ActiveCfg = Debug|Any CPU
		{5D3A2EC9-CDB3-40A5-B814-22EE4F62D92B}.Debug|Any CPU.Build.0 = Debug|Any CPU
		{5D3A2EC9-CDB3-40A5-B814-22EE4F62D92B}.Release|Any CPU.ActiveCfg = Release|Any CPU
		{5D3A2EC9-CDB3-40A5-B814-22EE4F62D92B}.Release|Any CPU.Build.0 = Release|Any CPU
		{D5088843-2B8E-400C-972B-68A2E47CC08C}.Debug|Any CPU.ActiveCfg = Debug|Any CPU
		{D5088843-2B8E-400C-972B-68A2E47CC08C}.Debug|Any CPU.Build.0 = Debug|Any CPU
		{D5088843-2B8E-400C-972B-68A2E47CC08C}.Release|Any CPU.ActiveCfg = Release|Any CPU
		{D5088843-2B8E-400C-972B-68A2E47CC08C}.Release|Any CPU.Build.0 = Release|Any CPU
	EndGlobalSection
	GlobalSection(NestedProjects) = preSolution
		{1F355F3A-AB4A-4458-A757-5C5E0E008623} = {FA907DDB-0C9B-45AF-A9FD-A4616E54CD8B}
		{5BBD0542-2956-4238-B3DF-FE716B0F37C7} = {FA907DDB-0C9B-45AF-A9FD-A4616E54CD8B}
		{D990A007-3BBA-4C0C-A967-BBB18FBD02F1} = {FA907DDB-0C9B-45AF-A9FD-A4616E54CD8B}
		{62A12A64-3865-4808-A0F2-CFC3A9204CF8} = {FA907DDB-0C9B-45AF-A9FD-A4616E54CD8B}
		{4A8F9A36-9856-4E11-93EA-D9EB4C631A33} = {0AAE099C-1434-428C-80B1-7002E46F9C3F}
		{C7153983-B088-4BF8-A93B-D762181673D9} = {A56821B8-63FA-4494-BCF9-785BA9A8380E}
		{BD13716D-362A-4E8F-8C90-439B36FF27BA} = {A56821B8-63FA-4494-BCF9-785BA9A8380E}
		{8906248A-25E9-4381-96D4-15E94FD9C7F7} = {A56821B8-63FA-4494-BCF9-785BA9A8380E}
		{8081BE7E-8780-4102-9FBD-C4D9441C4A9D} = {AE152472-ACB9-4223-BD2A-4972E6E8F346}
		{5D3A2EC9-CDB3-40A5-B814-22EE4F62D92B} = {8081BE7E-8780-4102-9FBD-C4D9441C4A9D}
		{D5088843-2B8E-400C-972B-68A2E47CC08C} = {A56821B8-63FA-4494-BCF9-785BA9A8380E}
	EndGlobalSection
EndGlobal
